PODS:
  - FangYuanObjC (0.0.9)
  - HaloObjC (0.2.5)
  - WCPageView (0.0.1)

DEPENDENCIES:
  - FangYuanObjC
  - HaloObjC
  - WCPageView (from `./WCPageView`)

EXTERNAL SOURCES:
  WCPageView:
    :path: "./WCPageView"

SPEC CHECKSUMS:
  FangYuanObjC: c5c7efbd5b54d8aa8342e69801e41c09884054ca
  HaloObjC: 0e20be5a2a8d88b4a08470e359d8e6a6fed27cfc
  WCPageView: 75c259cca015d203de224cc91f951be4944d34fb

PODFILE CHECKSUM: e586b1835ebc10160afbf8eefb3e8a59860dba0e

COCOAPODS: 1.2.0
