PODS:
  - FangYuanObjC (0.1.0)
  - HaloObjC (0.2.8)
  - WCPageView (0.0.1)

DEPENDENCIES:
  - FangYuanObjC
  - HaloObjC
  - WCPageView (from `./WCPageView`)

EXTERNAL SOURCES:
  WCPageView:
    :path: "./WCPageView"

SPEC CHECKSUMS:
  FangYuanObjC: 03c82b71817d4440432b7a54fe7f8d21c624bd2e
  HaloObjC: 4044e42cc6db4296175eaafe545efb11393ed285
  WCPageView: 75c259cca015d203de224cc91f951be4944d34fb

PODFILE CHECKSUM: e586b1835ebc10160afbf8eefb3e8a59860dba0e

COCOAPODS: 1.2.0
