// !$*UTF8*$!
{
	archiveVersion = 1;
	classes = {
	};
	objectVersion = 46;
	objects = {

/* Begin PBXBuildFile section */
		09BAFD441CB9808E00E770CF /* main.m in Sources */ = {isa = PBXBuildFile; fileRef = 09BAFD431CB9808E00E770CF /* main.m */; };
		09BAFD471CB9808E00E770CF /* AppDelegate.m in Sources */ = {isa = PBXBuildFile; fileRef = 09BAFD461CB9808E00E770CF /* AppDelegate.m */; };
		09BAFD4A1CB9808E00E770CF /* ViewController.m in Sources */ = {isa = PBXBuildFile; fileRef = 09BAFD491CB9808E00E770CF /* ViewController.m */; };
		09BAFD4D1CB9808E00E770CF /* Main.storyboard in Resources */ = {isa = PBXBuildFile; fileRef = 09BAFD4B1CB9808E00E770CF /* Main.storyboard */; };
		09BAFD4F1CB9808E00E770CF /* Assets.xcassets in Resources */ = {isa = PBXBuildFile; fileRef = 09BAFD4E1CB9808E00E770CF /* Assets.xcassets */; };
		09BAFD521CB9808E00E770CF /* LaunchScreen.storyboard in Resources */ = {isa = PBXBuildFile; fileRef = 09BAFD501CB9808E00E770CF /* LaunchScreen.storyboard */; };
		9AC120E14C045050928EE3DC /* libPods-WCPageViewDemo.a in Frameworks */ = {isa = PBXBuildFile; fileRef = 570F844A63B8BB3148D30082 /* libPods-WCPageViewDemo.a */; };
/* End PBXBuildFile section */

/* Begin PBXFileReference section */
		09BAFD3F1CB9808E00E770CF /* WCPageViewDemo.app */ = {isa = PBXFileReference; explicitFileType = wrapper.application; includeInIndex = 0; path = WCPageViewDemo.app; sourceTree = BUILT_PRODUCTS_DIR; };
		09BAFD431CB9808E00E770CF /* main.m */ = {isa = PBXFileReference; lastKnownFileType = sourcecode.c.objc; path = main.m; sourceTree = "<group>"; };
		09BAFD451CB9808E00E770CF /* AppDelegate.h */ = {isa = PBXFileReference; lastKnownFileType = sourcecode.c.h; path = AppDelegate.h; sourceTree = "<group>"; };
		09BAFD461CB9808E00E770CF /* AppDelegate.m */ = {isa = PBXFileReference; lastKnownFileType = sourcecode.c.objc; path = AppDelegate.m; sourceTree = "<group>"; };
		09BAFD481CB9808E00E770CF /* ViewController.h */ = {isa = PBXFileReference; lastKnownFileType = sourcecode.c.h; path = ViewController.h; sourceTree = "<group>"; };
		09BAFD491CB9808E00E770CF /* ViewController.m */ = {isa = PBXFileReference; lastKnownFileType = sourcecode.c.objc; path = ViewController.m; sourceTree = "<group>"; };
		09BAFD4C1CB9808E00E770CF /* Base */ = {isa = PBXFileReference; lastKnownFileType = file.storyboard; name = Base; path = Base.lproj/Main.storyboard; sourceTree = "<group>"; };
		09BAFD4E1CB9808E00E770CF /* Assets.xcassets */ = {isa = PBXFileReference; lastKnownFileType = folder.assetcatalog; path = Assets.xcassets; sourceTree = "<group>"; };
		09BAFD511CB9808E00E770CF /* Base */ = {isa = PBXFileReference; lastKnownFileType = file.storyboard; name = Base; path = Base.lproj/LaunchScreen.storyboard; sourceTree = "<group>"; };
		09BAFD531CB9808E00E770CF /* Info.plist */ = {isa = PBXFileReference; lastKnownFileType = text.plist.xml; path = Info.plist; sourceTree = "<group>"; };
		570F844A63B8BB3148D30082 /* libPods-WCPageViewDemo.a */ = {isa = PBXFileReference; explicitFileType = archive.ar; includeInIndex = 0; path = "libPods-WCPageViewDemo.a"; sourceTree = BUILT_PRODUCTS_DIR; };
		8948CBCB1614200398C8E924 /* Pods-WCPageViewDemo.release.xcconfig */ = {isa = PBXFileReference; includeInIndex = 1; lastKnownFileType = text.xcconfig; name = "Pods-WCPageViewDemo.release.xcconfig"; path = "Pods/Target Support Files/Pods-WCPageViewDemo/Pods-WCPageViewDemo.release.xcconfig"; sourceTree = "<group>"; };
		B82432437F5634D7A00A0C56 /* Pods-WCPageViewDemo.debug.xcconfig */ = {isa = PBXFileReference; includeInIndex = 1; lastKnownFileType = text.xcconfig; name = "Pods-WCPageViewDemo.debug.xcconfig"; path = "Pods/Target Support Files/Pods-WCPageViewDemo/Pods-WCPageViewDemo.debug.xcconfig"; sourceTree = "<group>"; };
/* End PBXFileReference section */

/* Begin PBXFrameworksBuildPhase section */
		09BAFD3C1CB9808E00E770CF /* Frameworks */ = {
			isa = PBXFrameworksBuildPhase;
			buildActionMask = 2147483647;
			files = (
				9AC120E14C045050928EE3DC /* libPods-WCPageViewDemo.a in Frameworks */,
			);
			runOnlyForDeploymentPostprocessing = 0;
		};
/* End PBXFrameworksBuildPhase section */

/* Begin PBXGroup section */
		09BAFD361CB9808E00E770CF = {
			isa = PBXGroup;
			children = (
				09BAFD411CB9808E00E770CF /* WCPageViewDemo */,
				09BAFD401CB9808E00E770CF /* Products */,
				FFAAF557CD748BD3F1D9A5BC /* Pods */,
				6326503F8217CF6F5B97500D /* Frameworks */,
			);
			sourceTree = "<group>";
		};
		09BAFD401CB9808E00E770CF /* Products */ = {
			isa = PBXGroup;
			children = (
				09BAFD3F1CB9808E00E770CF /* WCPageViewDemo.app */,
			);
			name = Products;
			sourceTree = "<group>";
		};
		09BAFD411CB9808E00E770CF /* WCPageViewDemo */ = {
			isa = PBXGroup;
			children = (
				09BAFD451CB9808E00E770CF /* AppDelegate.h */,
				09BAFD461CB9808E00E770CF /* AppDelegate.m */,
				09BAFD481CB9808E00E770CF /* ViewController.h */,
				09BAFD491CB9808E00E770CF /* ViewController.m */,
				09BAFD4B1CB9808E00E770CF /* Main.storyboard */,
				09BAFD4E1CB9808E00E770CF /* Assets.xcassets */,
				09BAFD501CB9808E00E770CF /* LaunchScreen.storyboard */,
				09BAFD531CB9808E00E770CF /* Info.plist */,
				09BAFD421CB9808E00E770CF /* Supporting Files */,
			);
			path = WCPageViewDemo;
			sourceTree = "<group>";
		};
		09BAFD421CB9808E00E770CF /* Supporting Files */ = {
			isa = PBXGroup;
			children = (
				09BAFD431CB9808E00E770CF /* main.m */,
			);
			name = "Supporting Files";
			sourceTree = "<group>";
		};
		6326503F8217CF6F5B97500D /* Frameworks */ = {
			isa = PBXGroup;
			children = (
				570F844A63B8BB3148D30082 /* libPods-WCPageViewDemo.a */,
			);
			name = Frameworks;
			sourceTree = "<group>";
		};
		FFAAF557CD748BD3F1D9A5BC /* Pods */ = {
			isa = PBXGroup;
			children = (
				B82432437F5634D7A00A0C56 /* Pods-WCPageViewDemo.debug.xcconfig */,
				8948CBCB1614200398C8E924 /* Pods-WCPageViewDemo.release.xcconfig */,
			);
			name = Pods;
			sourceTree = "<group>";
		};
/* End PBXGroup section */

/* Begin PBXNativeTarget section */
		09BAFD3E1CB9808E00E770CF /* WCPageViewDemo */ = {
			isa = PBXNativeTarget;
			buildConfigurationList = 09BAFD561CB9808E00E770CF /* Build configuration list for PBXNativeTarget "WCPageViewDemo" */;
			buildPhases = (
				D7ADF71B2513CE2E20983206 /* [CP] Check Pods Manifest.lock */,
				09BAFD3B1CB9808E00E770CF /* Sources */,
				09BAFD3C1CB9808E00E770CF /* Frameworks */,
				09BAFD3D1CB9808E00E770CF /* Resources */,
				4BA753C0BD1FC2A6B435F287 /* [CP] Embed Pods Frameworks */,
				AD9D3BDAFBD30D524D8F9EE1 /* [CP] Copy Pods Resources */,
			);
			buildRules = (
			);
			dependencies = (
			);
			name = WCPageViewDemo;
			productName = WCPageViewDemo;
			productReference = 09BAFD3F1CB9808E00E770CF /* WCPageViewDemo.app */;
			productType = "com.apple.product-type.application";
		};
/* End PBXNativeTarget section */

/* Begin PBXProject section */
		09BAFD371CB9808E00E770CF /* Project object */ = {
			isa = PBXProject;
			attributes = {
				LastUpgradeCheck = 0730;
				ORGANIZATIONNAME = "王策";
				TargetAttributes = {
					09BAFD3E1CB9808E00E770CF = {
						CreatedOnToolsVersion = 7.3;
						DevelopmentTeam = ZM4L7DBX69;
					};
				};
			};
			buildConfigurationList = 09BAFD3A1CB9808E00E770CF /* Build configuration list for PBXProject "WCPageViewDemo" */;
			compatibilityVersion = "Xcode 3.2";
			developmentRegion = English;
			hasScannedForEncodings = 0;
			knownRegions = (
				en,
				Base,
			);
			mainGroup = 09BAFD361CB9808E00E770CF;
			productRefGroup = 09BAFD401CB9808E00E770CF /* Products */;
			projectDirPath = "";
			projectRoot = "";
			targets = (
				09BAFD3E1CB9808E00E770CF /* WCPageViewDemo */,
			);
		};
/* End PBXProject section */

/* Begin PBXResourcesBuildPhase section */
		09BAFD3D1CB9808E00E770CF /* Resources */ = {
			isa = PBXResourcesBuildPhase;
			buildActionMask = 2147483647;
			files = (
				09BAFD521CB9808E00E770CF /* LaunchScreen.storyboard in Resources */,
				09BAFD4F1CB9808E00E770CF /* Assets.xcassets in Resources */,
				09BAFD4D1CB9808E00E770CF /* Main.storyboard in Resources */,
			);
			runOnlyForDeploymentPostprocessing = 0;
		};
/* End PBXResourcesBuildPhase section */

/* Begin PBXShellScriptBuildPhase section */
		4BA753C0BD1FC2A6B435F287 /* [CP] Embed Pods Frameworks */ = {
			isa = PBXShellScriptBuildPhase;
			buildActionMask = 2147483647;
			files = (
			);
			inputPaths = (
			);
			name = "[CP] Embed Pods Frameworks";
			outputPaths = (
			);
			runOnlyForDeploymentPostprocessing = 0;
			shellPath = /bin/sh;
			shellScript = "\"${SRCROOT}/Pods/Target Support Files/Pods-WCPageViewDemo/Pods-WCPageViewDemo-frameworks.sh\"\n";
			showEnvVarsInLog = 0;
		};
		AD9D3BDAFBD30D524D8F9EE1 /* [CP] Copy Pods Resources */ = {
			isa = PBXShellScriptBuildPhase;
			buildActionMask = 2147483647;
			files = (
			);
			inputPaths = (
			);
			name = "[CP] Copy Pods Resources";
			outputPaths = (
			);
			runOnlyForDeploymentPostprocessing = 0;
			shellPath = /bin/sh;
			shellScript = "\"${SRCROOT}/Pods/Target Support Files/Pods-WCPageViewDemo/Pods-WCPageViewDemo-resources.sh\"\n";
			showEnvVarsInLog = 0;
		};
		D7ADF71B2513CE2E20983206 /* [CP] Check Pods Manifest.lock */ = {
			isa = PBXShellScriptBuildPhase;
			buildActionMask = 2147483647;
			files = (
			);
			inputPaths = (
			);
			name = "[CP] Check Pods Manifest.lock";
			outputPaths = (
			);
			runOnlyForDeploymentPostprocessing = 0;
			shellPath = /bin/sh;
			shellScript = "diff \"${PODS_ROOT}/../Podfile.lock\" \"${PODS_ROOT}/Manifest.lock\" > /dev/null\nif [ $? != 0 ] ; then\n    # print error to STDERR\n    echo \"error: The sandbox is not in sync with the Podfile.lock. Run 'pod install' or update your CocoaPods installation.\" >&2\n    exit 1\nfi\n";
			showEnvVarsInLog = 0;
		};
/* End PBXShellScriptBuildPhase section */

/* Begin PBXSourcesBuildPhase section */
		09BAFD3B1CB9808E00E770CF /* Sources */ = {
			isa = PBXSourcesBuildPhase;
			buildActionMask = 2147483647;
			files = (
				09BAFD4A1CB9808E00E770CF /* ViewController.m in Sources */,
				09BAFD471CB9808E00E770CF /* AppDelegate.m in Sources */,
				09BAFD441CB9808E00E770CF /* main.m in Sources */,
			);
			runOnlyForDeploymentPostprocessing = 0;
		};
/* End PBXSourcesBuildPhase section */

/* Begin PBXVariantGroup section */
		09BAFD4B1CB9808E00E770CF /* Main.storyboard */ = {
			isa = PBXVariantGroup;
			children = (
				09BAFD4C1CB9808E00E770CF /* Base */,
			);
			name = Main.storyboard;
			sourceTree = "<group>";
		};
		09BAFD501CB9808E00E770CF /* LaunchScreen.storyboard */ = {
			isa = PBXVariantGroup;
			children = (
				09BAFD511CB9808E00E770CF /* Base */,
			);
			name = LaunchScreen.storyboard;
			sourceTree = "<group>";
		};
/* End PBXVariantGroup section */

/* Begin XCBuildConfiguration section */
		09BAFD541CB9808E00E770CF /* Debug */ = {
			isa = XCBuildConfiguration;
			buildSettings = {
				ALWAYS_SEARCH_USER_PATHS = NO;
				CLANG_ANALYZER_NONNULL = YES;
				CLANG_CXX_LANGUAGE_STANDARD = "gnu++0x";
				CLANG_CXX_LIBRARY = "libc++";
				CLANG_ENABLE_MODULES = YES;
				CLANG_ENABLE_OBJC_ARC = YES;
				CLANG_WARN_BOOL_CONVERSION = YES;
				CLANG_WARN_CONSTANT_CONVERSION = YES;
				CLANG_WARN_DIRECT_OBJC_ISA_USAGE = YES_ERROR;
				CLANG_WARN_EMPTY_BODY = YES;
				CLANG_WARN_ENUM_CONVERSION = YES;
				CLANG_WARN_INT_CONVERSION = YES;
				CLANG_WARN_OBJC_ROOT_CLASS = YES_ERROR;
				CLANG_WARN_UNREACHABLE_CODE = YES;
				CLANG_WARN__DUPLICATE_METHOD_MATCH = YES;
				"CODE_SIGN_IDENTITY[sdk=iphoneos*]" = "iPhone Developer";
				COPY_PHASE_STRIP = NO;
				DEBUG_INFORMATION_FORMAT = dwarf;
				ENABLE_STRICT_OBJC_MSGSEND = YES;
				ENABLE_TESTABILITY = YES;
				GCC_C_LANGUAGE_STANDARD = gnu99;
				GCC_DYNAMIC_NO_PIC = NO;
				GCC_NO_COMMON_BLOCKS = YES;
				GCC_OPTIMIZATION_LEVEL = 0;
				GCC_PREPROCESSOR_DEFINITIONS = (
					"DEBUG=1",
					"$(inherited)",
				);
				GCC_WARN_64_TO_32_BIT_CONVERSION = YES;
				GCC_WARN_ABOUT_RETURN_TYPE = YES_ERROR;
				GCC_WARN_UNDECLARED_SELECTOR = YES;
				GCC_WARN_UNINITIALIZED_AUTOS = YES_AGGRESSIVE;
				GCC_WARN_UNUSED_FUNCTION = YES;
				GCC_WARN_UNUSED_VARIABLE = YES;
				IPHONEOS_DEPLOYMENT_TARGET = 9.3;
				MTL_ENABLE_DEBUG_INFO = YES;
				ONLY_ACTIVE_ARCH = YES;
				SDKROOT = iphoneos;
			};
			name = Debug;
		};
		09BAFD551CB9808E00E770CF /* Release */ = {
			isa = XCBuildConfiguration;
			buildSettings = {
				ALWAYS_SEARCH_USER_PATHS = NO;
				CLANG_ANALYZER_NONNULL = YES;
				CLANG_CXX_LANGUAGE_STANDARD = "gnu++0x";
				CLANG_CXX_LIBRARY = "libc++";
				CLANG_ENABLE_MODULES = YES;
				CLANG_ENABLE_OBJC_ARC = YES;
				CLANG_WARN_BOOL_CONVERSION = YES;
				CLANG_WARN_CONSTANT_CONVERSION = YES;
				CLANG_WARN_DIRECT_OBJC_ISA_USAGE = YES_ERROR;
				CLANG_WARN_EMPTY_BODY = YES;
				CLANG_WARN_ENUM_CONVERSION = YES;
				CLANG_WARN_INT_CONVERSION = YES;
				CLANG_WARN_OBJC_ROOT_CLASS = YES_ERROR;
				CLANG_WARN_UNREACHABLE_CODE = YES;
				CLANG_WARN__DUPLICATE_METHOD_MATCH = YES;
				"CODE_SIGN_IDENTITY[sdk=iphoneos*]" = "iPhone Developer";
				COPY_PHASE_STRIP = NO;
				DEBUG_INFORMATION_FORMAT = "dwarf-with-dsym";
				ENABLE_NS_ASSERTIONS = NO;
				ENABLE_STRICT_OBJC_MSGSEND = YES;
				GCC_C_LANGUAGE_STANDARD = gnu99;
				GCC_NO_COMMON_BLOCKS = YES;
				GCC_WARN_64_TO_32_BIT_CONVERSION = YES;
				GCC_WARN_ABOUT_RETURN_TYPE = YES_ERROR;
				GCC_WARN_UNDECLARED_SELECTOR = YES;
				GCC_WARN_UNINITIALIZED_AUTOS = YES_AGGRESSIVE;
				GCC_WARN_UNUSED_FUNCTION = YES;
				GCC_WARN_UNUSED_VARIABLE = YES;
				IPHONEOS_DEPLOYMENT_TARGET = 9.3;
				MTL_ENABLE_DEBUG_INFO = NO;
				SDKROOT = iphoneos;
				VALIDATE_PRODUCT = YES;
			};
			name = Release;
		};
		09BAFD571CB9808E00E770CF /* Debug */ = {
			isa = XCBuildConfiguration;
			baseConfigurationReference = B82432437F5634D7A00A0C56 /* Pods-WCPageViewDemo.debug.xcconfig */;
			buildSettings = {
				ASSETCATALOG_COMPILER_APPICON_NAME = AppIcon;
				CODE_SIGN_IDENTITY = "iPhone Developer";
				DEVELOPMENT_TEAM = ZM4L7DBX69;
				INFOPLIST_FILE = WCPageViewDemo/Info.plist;
				LD_RUNPATH_SEARCH_PATHS = "$(inherited) @executable_path/Frameworks";
				PRODUCT_BUNDLE_IDENTIFIER = WangCe.WCPageViewDemo;
				PRODUCT_NAME = "$(TARGET_NAME)";
			};
			name = Debug;
		};
		09BAFD581CB9808E00E770CF /* Release */ = {
			isa = XCBuildConfiguration;
			baseConfigurationReference = 8948CBCB1614200398C8E924 /* Pods-WCPageViewDemo.release.xcconfig */;
			buildSettings = {
				ASSETCATALOG_COMPILER_APPICON_NAME = AppIcon;
				CODE_SIGN_IDENTITY = "iPhone Developer";
				DEVELOPMENT_TEAM = ZM4L7DBX69;
				INFOPLIST_FILE = WCPageViewDemo/Info.plist;
				LD_RUNPATH_SEARCH_PATHS = "$(inherited) @executable_path/Frameworks";
				PRODUCT_BUNDLE_IDENTIFIER = WangCe.WCPageViewDemo;
				PRODUCT_NAME = "$(TARGET_NAME)";
			};
			name = Release;
		};
/* End XCBuildConfiguration section */

/* Begin XCConfigurationList section */
		09BAFD3A1CB9808E00E770CF /* Build configuration list for PBXProject "WCPageViewDemo" */ = {
			isa = XCConfigurationList;
			buildConfigurations = (
				09BAFD541CB9808E00E770CF /* Debug */,
				09BAFD551CB9808E00E770CF /* Release */,
			);
			defaultConfigurationIsVisible = 0;
			defaultConfigurationName = Release;
		};
		09BAFD561CB9808E00E770CF /* Build configuration list for PBXNativeTarget "WCPageViewDemo" */ = {
			isa = XCConfigurationList;
			buildConfigurations = (
				09BAFD571CB9808E00E770CF /* Debug */,
				09BAFD581CB9808E00E770CF /* Release */,
			);
			defaultConfigurationIsVisible = 0;
			defaultConfigurationName = Release;
		};
/* End XCConfigurationList section */
	};
	rootObject = 09BAFD371CB9808E00E770CF /* Project object */;
}
